
Microsoft Visual Studio Solution File, Format Version 12.00
# Visual Studio 15
VisualStudioVersion = 15.0.27130.2036
MinimumVisualStudioVersion = 10.0.40219.1
Project("{FAE04EC0-301F-11D3-BF4B-00C04F79EFBC}") = "ServerApp", "ServerApp\ServerApp.csproj", "{5991CE74-AB00-4945-A36E-5C9BFA2F223E}"
EndProject
Global
	GlobalSection(SolutionConfigurationPlatforms) = preSolution
		Debug|Any CPU = Debug|Any CPU
		Release|Any CPU = Release|Any CPU
	EndGlobalSection
	GlobalSection(ProjectConfigurationPlatforms) = postSolution
		{5991CE74-AB00-4945-A36E-5C9BFA2F223E}.Debug|Any CPU.ActiveCfg = Debug|Any CPU
		{5991CE74-AB00-4945-A36E-5C9BFA2F223E}.Debug|Any CPU.Build.0 = Debug|Any CPU
		{5991CE74-AB00-4945-A36E-5C9BFA2F223E}.Release|Any CPU.ActiveCfg = Release|Any CPU
		{5991CE74-AB00-4945-A36E-5C9BFA2F223E}.Release|Any CPU.Build.0 = Release|Any CPU
	EndGlobalSection
	GlobalSection(SolutionProperties) = preSolution
		HideSolutionNode = FALSE
	EndGlobalSection
	GlobalSection(ExtensibilityGlobals) = postSolution
		SolutionGuid = {68355DF3-A800-4148-90DF-B40136196D4D}
	EndGlobalSection
EndGlobal
